
Microsoft Visual Studio Solution File, Format Version 12.00
# Visual Studio 2013
VisualStudioVersion = 12.0.40629.0
MinimumVisualStudioVersion = 10.0.40219.1
Project("{FAE04EC0-301F-11D3-BF4B-00C04F79EFBC}") = "bilgi-yarışması", "bilgi-yarışması\bilgi-yarışması.csproj", "{DB79A48A-8BC8-451A-A0FB-0B431D7F7911}"
EndProject
Global
	GlobalSection(SolutionConfigurationPlatforms) = preSolution
		Debug|Any CPU = Debug|Any CPU
		Release|Any CPU = Release|Any CPU
	EndGlobalSection
	GlobalSection(ProjectConfigurationPlatforms) = postSolution
		{DB79A48A-8BC8-451A-A0FB-0B431D7F7911}.Debug|Any CPU.ActiveCfg = Debug|Any CPU
		{DB79A48A-8BC8-451A-A0FB-0B431D7F7911}.Debug|Any CPU.Build.0 = Debug|Any CPU
		{DB79A48A-8BC8-451A-A0FB-0B431D7F7911}.Release|Any CPU.ActiveCfg = Release|Any CPU
		{DB79A48A-8BC8-451A-A0FB-0B431D7F7911}.Release|Any CPU.Build.0 = Release|Any CPU
	EndGlobalSection
	GlobalSection(SolutionProperties) = preSolution
		HideSolutionNode = FALSE
	EndGlobalSection
EndGlobal
